
Microsoft Visual Studio Solution File, Format Version 12.00
# Visual Studio 15
VisualStudioVersion = 15.0.27004.2008
MinimumVisualStudioVersion = 10.0.40219.1
Project("{FAE04EC0-301F-11D3-BF4B-00C04F79EFBC}") = "MVC_HWK", "MVC_HWK\MVC_HWK.csproj", "{02DDBF8C-3417-48D6-A81B-D72282AB1654}"
EndProject
Project("{FAE04EC0-301F-11D3-BF4B-00C04F79EFBC}") = "MVC_HWK.Model", "MVC_HWK.Model\MVC_HWK.Model.csproj", "{EF50B2E4-1097-4E77-B5F0-71CDECF39EDB}"
EndProject
Project("{FAE04EC0-301F-11D3-BF4B-00C04F79EFBC}") = "MVC_HWK.Dao", "MVC_HWK.Dao\MVC_HWK.Dao.csproj", "{EB81BD8C-9AC2-44ED-8678-10E55A7F6A0C}"
EndProject
Project("{FAE04EC0-301F-11D3-BF4B-00C04F79EFBC}") = "MVC_HWK.Service", "MVC_HWK.Service\MVC_HWK.Service.csproj", "{C48989A4-F90F-45BD-A22A-7ED0750F8D01}"
EndProject
Project("{FAE04EC0-301F-11D3-BF4B-00C04F79EFBC}") = "MVC_HWK.Common", "MVC_HWK.Common\MVC_HWK.Common.csproj", "{F343BBA1-C103-44BF-AFFA-6B7F5DCBD410}"
EndProject
Global
	GlobalSection(SolutionConfigurationPlatforms) = preSolution
		Debug|Any CPU = Debug|Any CPU
		Release|Any CPU = Release|Any CPU
	EndGlobalSection
	GlobalSection(ProjectConfigurationPlatforms) = postSolution
		{02DDBF8C-3417-48D6-A81B-D72282AB1654}.Debug|Any CPU.ActiveCfg = Debug|Any CPU
		{02DDBF8C-3417-48D6-A81B-D72282AB1654}.Debug|Any CPU.Build.0 = Debug|Any CPU
		{02DDBF8C-3417-48D6-A81B-D72282AB1654}.Release|Any CPU.ActiveCfg = Release|Any CPU
		{02DDBF8C-3417-48D6-A81B-D72282AB1654}.Release|Any CPU.Build.0 = Release|Any CPU
		{EF50B2E4-1097-4E77-B5F0-71CDECF39EDB}.Debug|Any CPU.ActiveCfg = Debug|Any CPU
		{EF50B2E4-1097-4E77-B5F0-71CDECF39EDB}.Debug|Any CPU.Build.0 = Debug|Any CPU
		{EF50B2E4-1097-4E77-B5F0-71CDECF39EDB}.Release|Any CPU.ActiveCfg = Release|Any CPU
		{EF50B2E4-1097-4E77-B5F0-71CDECF39EDB}.Release|Any CPU.Build.0 = Release|Any CPU
		{EB81BD8C-9AC2-44ED-8678-10E55A7F6A0C}.Debug|Any CPU.ActiveCfg = Debug|Any CPU
		{EB81BD8C-9AC2-44ED-8678-10E55A7F6A0C}.Debug|Any CPU.Build.0 = Debug|Any CPU
		{EB81BD8C-9AC2-44ED-8678-10E55A7F6A0C}.Release|Any CPU.ActiveCfg = Release|Any CPU
		{EB81BD8C-9AC2-44ED-8678-10E55A7F6A0C}.Release|Any CPU.Build.0 = Release|Any CPU
		{C48989A4-F90F-45BD-A22A-7ED0750F8D01}.Debug|Any CPU.ActiveCfg = Debug|Any CPU
		{C48989A4-F90F-45BD-A22A-7ED0750F8D01}.Debug|Any CPU.Build.0 = Debug|Any CPU
		{C48989A4-F90F-45BD-A22A-7ED0750F8D01}.Release|Any CPU.ActiveCfg = Release|Any CPU
		{C48989A4-F90F-45BD-A22A-7ED0750F8D01}.Release|Any CPU.Build.0 = Release|Any CPU
		{F343BBA1-C103-44BF-AFFA-6B7F5DCBD410}.Debug|Any CPU.ActiveCfg = Debug|Any CPU
		{F343BBA1-C103-44BF-AFFA-6B7F5DCBD410}.Debug|Any CPU.Build.0 = Debug|Any CPU
		{F343BBA1-C103-44BF-AFFA-6B7F5DCBD410}.Release|Any CPU.ActiveCfg = Release|Any CPU
		{F343BBA1-C103-44BF-AFFA-6B7F5DCBD410}.Release|Any CPU.Build.0 = Release|Any CPU
	EndGlobalSection
	GlobalSection(SolutionProperties) = preSolution
		HideSolutionNode = FALSE
	EndGlobalSection
	GlobalSection(ExtensibilityGlobals) = postSolution
		SolutionGuid = {EC89CD37-1BED-42CC-B7BC-2590FCC9F069}
	EndGlobalSection
EndGlobal
